
Microsoft Visual Studio Solution File, Format Version 12.00
# Visual Studio Version 17
VisualStudioVersion = 17.7.34031.279
MinimumVisualStudioVersion = 10.0.40219.1
Project("{FAE04EC0-301F-11D3-BF4B-00C04F79EFBC}") = "test stuff", "test stuff.csproj", "{8F8B31C2-2695-4392-A8C8-15A578DCB9FA}"
EndProject
Global
	GlobalSection(SolutionConfigurationPlatforms) = preSolution
		Debug|Any CPU = Debug|Any CPU
		Release|Any CPU = Release|Any CPU
	EndGlobalSection
	GlobalSection(ProjectConfigurationPlatforms) = postSolution
		{8F8B31C2-2695-4392-A8C8-15A578DCB9FA}.Debug|Any CPU.ActiveCfg = Debug|Any CPU
		{8F8B31C2-2695-4392-A8C8-15A578DCB9FA}.Debug|Any CPU.Build.0 = Debug|Any CPU
		{8F8B31C2-2695-4392-A8C8-15A578DCB9FA}.Release|Any CPU.ActiveCfg = Release|Any CPU
		{8F8B31C2-2695-4392-A8C8-15A578DCB9FA}.Release|Any CPU.Build.0 = Release|Any CPU
	EndGlobalSection
	GlobalSection(SolutionProperties) = preSolution
		HideSolutionNode = FALSE
	EndGlobalSection
	GlobalSection(ExtensibilityGlobals) = postSolution
		SolutionGuid = {F23D4C56-C655-49FE-9351-577D3FE719CC}
	EndGlobalSection
EndGlobal
