
Microsoft Visual Studio Solution File, Format Version 12.00
# Visual Studio Version 17
VisualStudioVersion = 17.7.34031.279
MinimumVisualStudioVersion = 10.0.40219.1
Project("{FAE04EC0-301F-11D3-BF4B-00C04F79EFBC}") = "multi methods", "multi methods.csproj", "{4C442E8B-D2C8-4D38-855D-7C26B555684E}"
EndProject
Global
	GlobalSection(SolutionConfigurationPlatforms) = preSolution
		Debug|Any CPU = Debug|Any CPU
		Release|Any CPU = Release|Any CPU
	EndGlobalSection
	GlobalSection(ProjectConfigurationPlatforms) = postSolution
		{4C442E8B-D2C8-4D38-855D-7C26B555684E}.Debug|Any CPU.ActiveCfg = Debug|Any CPU
		{4C442E8B-D2C8-4D38-855D-7C26B555684E}.Debug|Any CPU.Build.0 = Debug|Any CPU
		{4C442E8B-D2C8-4D38-855D-7C26B555684E}.Release|Any CPU.ActiveCfg = Release|Any CPU
		{4C442E8B-D2C8-4D38-855D-7C26B555684E}.Release|Any CPU.Build.0 = Release|Any CPU
	EndGlobalSection
	GlobalSection(SolutionProperties) = preSolution
		HideSolutionNode = FALSE
	EndGlobalSection
	GlobalSection(ExtensibilityGlobals) = postSolution
		SolutionGuid = {42E0BAA3-D580-426E-8A7B-47D89A1BEC4D}
	EndGlobalSection
EndGlobal
