
Microsoft Visual Studio Solution File, Format Version 12.00
# Visual Studio Version 17
VisualStudioVersion = 17.7.34031.279
MinimumVisualStudioVersion = 10.0.40219.1
Project("{FAE04EC0-301F-11D3-BF4B-00C04F79EFBC}") = "modulus operator", "modulus operator.csproj", "{57489180-7AE1-486E-A565-9EA56B708C51}"
EndProject
Global
	GlobalSection(SolutionConfigurationPlatforms) = preSolution
		Debug|Any CPU = Debug|Any CPU
		Release|Any CPU = Release|Any CPU
	EndGlobalSection
	GlobalSection(ProjectConfigurationPlatforms) = postSolution
		{57489180-7AE1-486E-A565-9EA56B708C51}.Debug|Any CPU.ActiveCfg = Debug|Any CPU
		{57489180-7AE1-486E-A565-9EA56B708C51}.Debug|Any CPU.Build.0 = Debug|Any CPU
		{57489180-7AE1-486E-A565-9EA56B708C51}.Release|Any CPU.ActiveCfg = Release|Any CPU
		{57489180-7AE1-486E-A565-9EA56B708C51}.Release|Any CPU.Build.0 = Release|Any CPU
	EndGlobalSection
	GlobalSection(SolutionProperties) = preSolution
		HideSolutionNode = FALSE
	EndGlobalSection
	GlobalSection(ExtensibilityGlobals) = postSolution
		SolutionGuid = {4B81BBCB-BD1F-4AAA-8C62-BD549DBA5FA4}
	EndGlobalSection
EndGlobal
